
Microsoft Visual Studio Solution File, Format Version 12.00
# Visual Studio Version 17
VisualStudioVersion = 17.12.35506.116 d17.12
MinimumVisualStudioVersion = 10.0.40219.1
Project("{FAE04EC0-301F-11D3-BF4B-00C04F79EFBC}") = "altis_gcs", "altis_gcs\altis_gcs.csproj", "{A136E3BF-AF4D-4CFB-A0A2-DD50877590A3}"
EndProject
Global
	GlobalSection(SolutionConfigurationPlatforms) = preSolution
		Debug|Any CPU = Debug|Any CPU
		Release|Any CPU = Release|Any CPU
	EndGlobalSection
	GlobalSection(ProjectConfigurationPlatforms) = postSolution
		{A136E3BF-AF4D-4CFB-A0A2-DD50877590A3}.Debug|Any CPU.ActiveCfg = Debug|Any CPU
		{A136E3BF-AF4D-4CFB-A0A2-DD50877590A3}.Debug|Any CPU.Build.0 = Debug|Any CPU
		{A136E3BF-AF4D-4CFB-A0A2-DD50877590A3}.Release|Any CPU.ActiveCfg = Release|Any CPU
		{A136E3BF-AF4D-4CFB-A0A2-DD50877590A3}.Release|Any CPU.Build.0 = Release|Any CPU
	EndGlobalSection
	GlobalSection(SolutionProperties) = preSolution
		HideSolutionNode = FALSE
	EndGlobalSection
EndGlobal
